
Microsoft Visual Studio Solution File, Format Version 12.00
# Visual Studio Version 16
VisualStudioVersion = 16.0.29613.14
MinimumVisualStudioVersion = 10.0.40219.1
Project("{FAE04EC0-301F-11D3-BF4B-00C04F79EFBC}") = "pryecto", "pryecto\pryecto.csproj", "{96F454E4-BD1D-4829-9253-186AD2384692}"
EndProject
Global
	GlobalSection(SolutionConfigurationPlatforms) = preSolution
		Debug|Any CPU = Debug|Any CPU
		Release|Any CPU = Release|Any CPU
	EndGlobalSection
	GlobalSection(ProjectConfigurationPlatforms) = postSolution
		{96F454E4-BD1D-4829-9253-186AD2384692}.Debug|Any CPU.ActiveCfg = Debug|Any CPU
		{96F454E4-BD1D-4829-9253-186AD2384692}.Debug|Any CPU.Build.0 = Debug|Any CPU
		{96F454E4-BD1D-4829-9253-186AD2384692}.Release|Any CPU.ActiveCfg = Release|Any CPU
		{96F454E4-BD1D-4829-9253-186AD2384692}.Release|Any CPU.Build.0 = Release|Any CPU
	EndGlobalSection
	GlobalSection(SolutionProperties) = preSolution
		HideSolutionNode = FALSE
	EndGlobalSection
	GlobalSection(ExtensibilityGlobals) = postSolution
		SolutionGuid = {10628636-CCAE-4A49-A815-295912E035D1}
	EndGlobalSection
EndGlobal
